
Microsoft Visual Studio Solution File, Format Version 12.00
# Visual Studio Version 16
VisualStudioVersion = 16.0.29728.190
MinimumVisualStudioVersion = 10.0.40219.1
Project("{FAE04EC0-301F-11D3-BF4B-00C04F79EFBC}") = "LinkIT.Web", "LinkIT.Web\LinkIT.Web.csproj", "{EB4AC3BC-D510-43A5-95C6-0E4F9146EED5}"
EndProject
Project("{FAE04EC0-301F-11D3-BF4B-00C04F79EFBC}") = "LinkIT.Data.DTO", "LinkIT.Data.DTO\LinkIT.Data.DTO.csproj", "{D9B1AABB-C2C5-4A7F-AA71-A46834268ED1}"
EndProject
Project("{FAE04EC0-301F-11D3-BF4B-00C04F79EFBC}") = "LinkIT.Data", "LinkIT.Data\LinkIT.Data.csproj", "{CAF7189D-D1FE-4DEE-A156-20D980D54135}"
EndProject
Project("{FAE04EC0-301F-11D3-BF4B-00C04F79EFBC}") = "LinkIT.Data.IntegrationTests", "LinkIT.Data.IntegrationTests\LinkIT.Data.IntegrationTests.csproj", "{D4F2EFA2-781A-4B70-B7AA-BF0D754B8C5C}"
EndProject
Project("{FAE04EC0-301F-11D3-BF4B-00C04F79EFBC}") = "LinkIT.Data.UnitTests", "LinkIT.Data.UnitTests\LinkIT.Data.UnitTests.csproj", "{D7133F06-1902-49E3-A508-A3FAAEAA0398}"
EndProject
Project("{FAE04EC0-301F-11D3-BF4B-00C04F79EFBC}") = "LinkIT.Web.UnitTests", "LinkIT.Web.UnitTests\LinkIT.Web.UnitTests.csproj", "{B7600E8F-D10D-407E-9BE7-BAE2A9D7C035}"
EndProject
Project("{FAE04EC0-301F-11D3-BF4B-00C04F79EFBC}") = "LinkIT.Data.DTO.UnitTests", "LinkIT.Data.DTO.UnitTests\LinkIT.Data.DTO.UnitTests.csproj", "{E44FDF43-9BCF-4765-970E-9A4D55781A03}"
EndProject
Global
	GlobalSection(SolutionConfigurationPlatforms) = preSolution
		Debug|Any CPU = Debug|Any CPU
		Release|Any CPU = Release|Any CPU
	EndGlobalSection
	GlobalSection(ProjectConfigurationPlatforms) = postSolution
		{EB4AC3BC-D510-43A5-95C6-0E4F9146EED5}.Debug|Any CPU.ActiveCfg = Debug|Any CPU
		{EB4AC3BC-D510-43A5-95C6-0E4F9146EED5}.Debug|Any CPU.Build.0 = Debug|Any CPU
		{EB4AC3BC-D510-43A5-95C6-0E4F9146EED5}.Release|Any CPU.ActiveCfg = Release|Any CPU
		{EB4AC3BC-D510-43A5-95C6-0E4F9146EED5}.Release|Any CPU.Build.0 = Release|Any CPU
		{D9B1AABB-C2C5-4A7F-AA71-A46834268ED1}.Debug|Any CPU.ActiveCfg = Debug|Any CPU
		{D9B1AABB-C2C5-4A7F-AA71-A46834268ED1}.Debug|Any CPU.Build.0 = Debug|Any CPU
		{D9B1AABB-C2C5-4A7F-AA71-A46834268ED1}.Release|Any CPU.ActiveCfg = Release|Any CPU
		{D9B1AABB-C2C5-4A7F-AA71-A46834268ED1}.Release|Any CPU.Build.0 = Release|Any CPU
		{CAF7189D-D1FE-4DEE-A156-20D980D54135}.Debug|Any CPU.ActiveCfg = Debug|Any CPU
		{CAF7189D-D1FE-4DEE-A156-20D980D54135}.Debug|Any CPU.Build.0 = Debug|Any CPU
		{CAF7189D-D1FE-4DEE-A156-20D980D54135}.Release|Any CPU.ActiveCfg = Release|Any CPU
		{CAF7189D-D1FE-4DEE-A156-20D980D54135}.Release|Any CPU.Build.0 = Release|Any CPU
		{D4F2EFA2-781A-4B70-B7AA-BF0D754B8C5C}.Debug|Any CPU.ActiveCfg = Debug|Any CPU
		{D4F2EFA2-781A-4B70-B7AA-BF0D754B8C5C}.Debug|Any CPU.Build.0 = Debug|Any CPU
		{D4F2EFA2-781A-4B70-B7AA-BF0D754B8C5C}.Release|Any CPU.ActiveCfg = Release|Any CPU
		{D4F2EFA2-781A-4B70-B7AA-BF0D754B8C5C}.Release|Any CPU.Build.0 = Release|Any CPU
		{D7133F06-1902-49E3-A508-A3FAAEAA0398}.Debug|Any CPU.ActiveCfg = Debug|Any CPU
		{D7133F06-1902-49E3-A508-A3FAAEAA0398}.Debug|Any CPU.Build.0 = Debug|Any CPU
		{D7133F06-1902-49E3-A508-A3FAAEAA0398}.Release|Any CPU.ActiveCfg = Release|Any CPU
		{D7133F06-1902-49E3-A508-A3FAAEAA0398}.Release|Any CPU.Build.0 = Release|Any CPU
		{B7600E8F-D10D-407E-9BE7-BAE2A9D7C035}.Debug|Any CPU.ActiveCfg = Debug|Any CPU
		{B7600E8F-D10D-407E-9BE7-BAE2A9D7C035}.Debug|Any CPU.Build.0 = Debug|Any CPU
		{B7600E8F-D10D-407E-9BE7-BAE2A9D7C035}.Release|Any CPU.ActiveCfg = Release|Any CPU
		{B7600E8F-D10D-407E-9BE7-BAE2A9D7C035}.Release|Any CPU.Build.0 = Release|Any CPU
		{E44FDF43-9BCF-4765-970E-9A4D55781A03}.Debug|Any CPU.ActiveCfg = Debug|Any CPU
		{E44FDF43-9BCF-4765-970E-9A4D55781A03}.Debug|Any CPU.Build.0 = Debug|Any CPU
		{E44FDF43-9BCF-4765-970E-9A4D55781A03}.Release|Any CPU.ActiveCfg = Release|Any CPU
		{E44FDF43-9BCF-4765-970E-9A4D55781A03}.Release|Any CPU.Build.0 = Release|Any CPU
	EndGlobalSection
	GlobalSection(SolutionProperties) = preSolution
		HideSolutionNode = FALSE
	EndGlobalSection
	GlobalSection(ExtensibilityGlobals) = postSolution
		SolutionGuid = {17CA268F-FF0E-4D49-96F8-CA7FF8AF4DC1}
	EndGlobalSection
EndGlobal
